
Microsoft Visual Studio Solution File, Format Version 12.00
# Visual Studio 2012
Project("{8BC9CEB8-8B4A-11D0-8D11-00A0C91BC942}") = "DHM_Streaming", "DHM_Streaming\DHM_Streaming.vcxproj", "{F58F6BDC-85BB-4362-8579-EDA80E25057A}"
EndProject
Global
	GlobalSection(SolutionConfigurationPlatforms) = preSolution
		Debug|Win32 = Debug|Win32
		Release|Win32 = Release|Win32
	EndGlobalSection
	GlobalSection(ProjectConfigurationPlatforms) = postSolution
		{F58F6BDC-85BB-4362-8579-EDA80E25057A}.Debug|Win32.ActiveCfg = Debug|Win32
		{F58F6BDC-85BB-4362-8579-EDA80E25057A}.Debug|Win32.Build.0 = Debug|Win32
		{F58F6BDC-85BB-4362-8579-EDA80E25057A}.Release|Win32.ActiveCfg = Release|Win32
		{F58F6BDC-85BB-4362-8579-EDA80E25057A}.Release|Win32.Build.0 = Release|Win32
	EndGlobalSection
	GlobalSection(SolutionProperties) = preSolution
		HideSolutionNode = FALSE
	EndGlobalSection
EndGlobal
